{
	"name": "@workshop/config-ts",
	"version": "1.0.0",
	"lockfileVersion": 1,
	"requires": true,
	"dependencies": {
		"@namics/ts-config": {
			"version": "0.3.0",
			"resolved": "https://registry.npmjs.org/@namics/ts-config/-/ts-config-0.3.0.tgz",
			"integrity": "sha512-Ii6Vt9fG4+PTgUR3L46LA3NjA03inRaWTzgodrmi+323DgqpkQLH9TBcShHFeIRlE6uObK0n89e35Ky9Bz79QA==",
			"dev": true
		}
	}
}
